
Microsoft Visual Studio Solution File, Format Version 12.00
# Visual Studio Version 16
VisualStudioVersion = 16.0.31624.102
MinimumVisualStudioVersion = 10.0.40219.1
Project("{FAE04EC0-301F-11D3-BF4B-00C04F79EFBC}") = "WebApplication1", "WebApplication1\WebApplication1.csproj", "{93A252E2-E025-4531-A661-2F75D18734EF}"
EndProject
Global
	GlobalSection(SolutionConfigurationPlatforms) = preSolution
		Debug|Any CPU = Debug|Any CPU
		Release|Any CPU = Release|Any CPU
	EndGlobalSection
	GlobalSection(ProjectConfigurationPlatforms) = postSolution
		{93A252E2-E025-4531-A661-2F75D18734EF}.Debug|Any CPU.ActiveCfg = Debug|Any CPU
		{93A252E2-E025-4531-A661-2F75D18734EF}.Debug|Any CPU.Build.0 = Debug|Any CPU
		{93A252E2-E025-4531-A661-2F75D18734EF}.Release|Any CPU.ActiveCfg = Release|Any CPU
		{93A252E2-E025-4531-A661-2F75D18734EF}.Release|Any CPU.Build.0 = Release|Any CPU
	EndGlobalSection
	GlobalSection(SolutionProperties) = preSolution
		HideSolutionNode = FALSE
	EndGlobalSection
	GlobalSection(ExtensibilityGlobals) = postSolution
		SolutionGuid = {F06B6588-F64F-4F44-96CE-4FD227F92CFF}
	EndGlobalSection
EndGlobal
